
Microsoft Visual Studio Solution File, Format Version 12.00
# Visual Studio 2013
VisualStudioVersion = 12.0.40629.0
MinimumVisualStudioVersion = 10.0.40219.1
Project("{FAE04EC0-301F-11D3-BF4B-00C04F79EFBC}") = "Dddml.Wms.Common", "Dddml.Wms.Common\Dddml.Wms.Common.csproj", "{31471BCF-D6C3-4BAE-8EC5-2E9AC01EDD5C}"
EndProject
Project("{FAE04EC0-301F-11D3-BF4B-00C04F79EFBC}") = "Dddml.Wms.Services", "Dddml.Wms.Services\Dddml.Wms.Services.csproj", "{26BA5188-B72D-4ECE-9984-4F76A3EB74C3}"
EndProject
Project("{FAE04EC0-301F-11D3-BF4B-00C04F79EFBC}") = "Dddml.Wms.Services.Tests", "Dddml.Wms.Services.Tests\Dddml.Wms.Services.Tests.csproj", "{1469B2DA-9461-49E7-8230-F98DF6B4EC06}"
EndProject
Project("{FAE04EC0-301F-11D3-BF4B-00C04F79EFBC}") = "Dddml.Wms.HttpServices", "Dddml.Wms.HttpServices\Dddml.Wms.HttpServices.csproj", "{175EDE6A-70FB-4055-ACAE-77B741B4F166}"
EndProject
Project("{FAE04EC0-301F-11D3-BF4B-00C04F79EFBC}") = "Dddml.Wms.Metadata", "Dddml.Wms.Metadata\Dddml.Wms.Metadata.csproj", "{755FB4F8-BE74-4313-BBAD-8C907472C7AE}"
EndProject
Project("{FAE04EC0-301F-11D3-BF4B-00C04F79EFBC}") = "Dddml.Wms.HttpServices.ClientProxies", "Dddml.Wms.HttpServices.ClientProxies\Dddml.Wms.HttpServices.ClientProxies.csproj", "{AC8F158A-130C-42A0-92AE-04408D8F7328}"
EndProject
Project("{FAE04EC0-301F-11D3-BF4B-00C04F79EFBC}") = "Dddml.Wms.HttpServices.ClientProxies.Tests", "Dddml.Wms.HttpServices.ClientProxies.Tests\Dddml.Wms.HttpServices.ClientProxies.Tests.csproj", "{0D455A08-30BF-4A30-BE53-6856FADACC79}"
EndProject
Project("{FAE04EC0-301F-11D3-BF4B-00C04F79EFBC}") = "Dddml.Support.Criterion", "..\dddml-dotnet-tools\Dddml.Support.Criterion\Dddml.Support.Criterion.csproj", "{5C91ECAD-6C35-45AA-ACE7-E8F156922658}"
EndProject
Project("{FAE04EC0-301F-11D3-BF4B-00C04F79EFBC}") = "AuthorizationServer", "AuthorizationServer\AuthorizationServer.csproj", "{583C1001-7568-406E-9444-8CAD43DDA3EC}"
EndProject
Project("{FAE04EC0-301F-11D3-BF4B-00C04F79EFBC}") = "Dddml.Wms.AspNet.Identity", "Dddml.Wms.AspNet.Identity\Dddml.Wms.AspNet.Identity.csproj", "{CEE62887-53FB-4291-8543-651C171D528A}"
EndProject
Project("{FAE04EC0-301F-11D3-BF4B-00C04F79EFBC}") = "Dddml.Support.NHibernate", "..\dddml-dotnet-tools\Dddml.Support.NHibernate\Dddml.Support.NHibernate.csproj", "{449E9FCD-F535-4D02-947F-22B0DA756187}"
EndProject
Project("{2150E333-8FDC-42A3-9474-1A3956D46DE8}") = ".nuget", ".nuget", "{8FB80624-8EF6-4D3B-9272-D8E44D8EEEE6}"
	ProjectSection(SolutionItems) = preProject
		.nuget\NuGet.Config = .nuget\NuGet.Config
		.nuget\NuGet.exe = .nuget\NuGet.exe
		.nuget\NuGet.targets = .nuget\NuGet.targets
	EndProjectSection
EndProject
Project("{FAE04EC0-301F-11D3-BF4B-00C04F79EFBC}") = "Dddml.Wms.HttpServices.Common", "Dddml.Wms.HttpServices.Common\Dddml.Wms.HttpServices.Common.csproj", "{CEF7BB89-917C-4A08-BACC-6B3ED6020944}"
EndProject
Project("{FAE04EC0-301F-11D3-BF4B-00C04F79EFBC}") = "Dddml.Wms.HttpServices.JsonConverters", "Dddml.Wms.HttpServices.JsonConverters\Dddml.Wms.HttpServices.JsonConverters.csproj", "{E5E7C73A-5DE3-4BC6-9A92-BF7A6D24DDF5}"
EndProject
Project("{FAE04EC0-301F-11D3-BF4B-00C04F79EFBC}") = "Dddml.Wms.JavaCommon", "Dddml.Wms.JavaCommon\Dddml.Wms.JavaCommon.csproj", "{BD368EED-83C7-49B0-8116-797BD98741E0}"
EndProject
Project("{FAE04EC0-301F-11D3-BF4B-00C04F79EFBC}") = "Dddml.Wms.JavaServices", "Dddml.Wms.JavaServices\Dddml.Wms.JavaServices.csproj", "{3C010B48-6ECA-466F-9C5B-28A01C4B88AB}"
EndProject
Project("{FAE04EC0-301F-11D3-BF4B-00C04F79EFBC}") = "Dddml.Wms.JavaRestful", "Dddml.Wms.JavaRestful\Dddml.Wms.JavaRestful.csproj", "{CA52A30C-CFD1-4793-923D-D8E880E6FC99}"
EndProject
Project("{FAE04EC0-301F-11D3-BF4B-00C04F79EFBC}") = "Dddml.Wms.Specialization", "Dddml.Wms.Specialization\Dddml.Wms.Specialization.csproj", "{9A9B1E3B-F6AA-46BF-A879-CF58BEE11F37}"
EndProject
Project("{FAE04EC0-301F-11D3-BF4B-00C04F79EFBC}") = "Dddml.Wms.Specialization.Services", "Dddml.Wms.Specialization.Services\Dddml.Wms.Specialization.Services.csproj", "{7BAF838B-6297-47A3-BB76-920F5B90A3EC}"
EndProject
Project("{FAE04EC0-301F-11D3-BF4B-00C04F79EFBC}") = "Dddml.Wms.Iam", "Dddml.Wms.Iam\Dddml.Wms.Iam.csproj", "{EB95AE50-CD5A-48F6-9D52-FDBD5D6E53C2}"
EndProject
Project("{FAE04EC0-301F-11D3-BF4B-00C04F79EFBC}") = "Dddml.Wms.Iam.Tests", "Dddml.Wms.Iam.Tests\Dddml.Wms.Iam.Tests.csproj", "{7728CB5E-6E8D-454F-9E85-02FF27AC4627}"
EndProject
Project("{2150E333-8FDC-42A3-9474-1A3956D46DE8}") = "IAM", "IAM", "{C111518F-ACF7-4FFC-9EF6-58F0B6306946}"
EndProject
Project("{2150E333-8FDC-42A3-9474-1A3956D46DE8}") = "Java", "Java", "{DBFD90F0-D59F-4294-9185-158D7A74D8DA}"
EndProject
Project("{2150E333-8FDC-42A3-9474-1A3956D46DE8}") = "Dddml.Support", "Dddml.Support", "{6AF16F0D-B8DC-4EEA-9F02-D0B8B7559EA2}"
EndProject
Project("{2150E333-8FDC-42A3-9474-1A3956D46DE8}") = "Client", "Client", "{20011032-ACAD-4B4D-A27D-250074965B39}"
EndProject
Project("{FAE04EC0-301F-11D3-BF4B-00C04F79EFBC}") = "Dddml.Wms.CmdLineTools", "Dddml.Wms.CmdLineTools\Dddml.Wms.CmdLineTools.csproj", "{DD96808C-C9D7-40E1-897E-1E30FE9C435C}"
EndProject
Project("{2150E333-8FDC-42A3-9474-1A3956D46DE8}") = "Dddml.Net.Tools", "Dddml.Net.Tools", "{07D0E50B-5D97-404A-9D0F-6AD3D6846FCD}"
EndProject
Project("{FAE04EC0-301F-11D3-BF4B-00C04F79EFBC}") = "Dddml.Core", "..\dddml-dotnet-tools\Dddml.Core\Dddml.Core.csproj", "{F459D38E-8304-47BC-84DA-9149372DC245}"
EndProject
Project("{FAE04EC0-301F-11D3-BF4B-00C04F79EFBC}") = "Dddml.Serialization", "..\dddml-dotnet-tools\Dddml.Serialization\Dddml.Serialization.csproj", "{8ED4AC8C-9ADC-42B6-9D37-34CCA8B5F7D6}"
EndProject
Project("{FAE04EC0-301F-11D3-BF4B-00C04F79EFBC}") = "Dddml.T4", "..\dddml-dotnet-tools\Dddml.T4\Dddml.T4.csproj", "{6DFE35BD-21B0-4A1B-9447-1CAC51E99737}"
EndProject
Project("{FAE04EC0-301F-11D3-BF4B-00C04F79EFBC}") = "Dddml.T4.ProjectTools", "..\dddml-dotnet-tools\Dddml.T4.ProjectTools\Dddml.T4.ProjectTools.csproj", "{63C0B002-491B-49DC-844E-B80D92012645}"
EndProject
Project("{FAE04EC0-301F-11D3-BF4B-00C04F79EFBC}") = "Dddml.Ofbiz", "..\dddml-dotnet-tools\Dddml.Ofbiz\Dddml.Ofbiz.csproj", "{107E64CC-336C-4380-B7FD-16BC2AF8DE5B}"
EndProject
Global
	GlobalSection(SolutionConfigurationPlatforms) = preSolution
		Debug|Any CPU = Debug|Any CPU
		Release|Any CPU = Release|Any CPU
	EndGlobalSection
	GlobalSection(ProjectConfigurationPlatforms) = postSolution
		{31471BCF-D6C3-4BAE-8EC5-2E9AC01EDD5C}.Debug|Any CPU.ActiveCfg = Debug|Any CPU
		{31471BCF-D6C3-4BAE-8EC5-2E9AC01EDD5C}.Debug|Any CPU.Build.0 = Debug|Any CPU
		{31471BCF-D6C3-4BAE-8EC5-2E9AC01EDD5C}.Release|Any CPU.ActiveCfg = Release|Any CPU
		{31471BCF-D6C3-4BAE-8EC5-2E9AC01EDD5C}.Release|Any CPU.Build.0 = Release|Any CPU
		{26BA5188-B72D-4ECE-9984-4F76A3EB74C3}.Debug|Any CPU.ActiveCfg = Debug|Any CPU
		{26BA5188-B72D-4ECE-9984-4F76A3EB74C3}.Debug|Any CPU.Build.0 = Debug|Any CPU
		{26BA5188-B72D-4ECE-9984-4F76A3EB74C3}.Release|Any CPU.ActiveCfg = Release|Any CPU
		{26BA5188-B72D-4ECE-9984-4F76A3EB74C3}.Release|Any CPU.Build.0 = Release|Any CPU
		{1469B2DA-9461-49E7-8230-F98DF6B4EC06}.Debug|Any CPU.ActiveCfg = Debug|Any CPU
		{1469B2DA-9461-49E7-8230-F98DF6B4EC06}.Debug|Any CPU.Build.0 = Debug|Any CPU
		{1469B2DA-9461-49E7-8230-F98DF6B4EC06}.Release|Any CPU.ActiveCfg = Release|Any CPU
		{1469B2DA-9461-49E7-8230-F98DF6B4EC06}.Release|Any CPU.Build.0 = Release|Any CPU
		{175EDE6A-70FB-4055-ACAE-77B741B4F166}.Debug|Any CPU.ActiveCfg = Debug|Any CPU
		{175EDE6A-70FB-4055-ACAE-77B741B4F166}.Debug|Any CPU.Build.0 = Debug|Any CPU
		{175EDE6A-70FB-4055-ACAE-77B741B4F166}.Release|Any CPU.ActiveCfg = Release|Any CPU
		{175EDE6A-70FB-4055-ACAE-77B741B4F166}.Release|Any CPU.Build.0 = Release|Any CPU
		{755FB4F8-BE74-4313-BBAD-8C907472C7AE}.Debug|Any CPU.ActiveCfg = Debug|Any CPU
		{755FB4F8-BE74-4313-BBAD-8C907472C7AE}.Debug|Any CPU.Build.0 = Debug|Any CPU
		{755FB4F8-BE74-4313-BBAD-8C907472C7AE}.Release|Any CPU.ActiveCfg = Release|Any CPU
		{755FB4F8-BE74-4313-BBAD-8C907472C7AE}.Release|Any CPU.Build.0 = Release|Any CPU
		{AC8F158A-130C-42A0-92AE-04408D8F7328}.Debug|Any CPU.ActiveCfg = Debug|Any CPU
		{AC8F158A-130C-42A0-92AE-04408D8F7328}.Debug|Any CPU.Build.0 = Debug|Any CPU
		{AC8F158A-130C-42A0-92AE-04408D8F7328}.Release|Any CPU.ActiveCfg = Release|Any CPU
		{AC8F158A-130C-42A0-92AE-04408D8F7328}.Release|Any CPU.Build.0 = Release|Any CPU
		{0D455A08-30BF-4A30-BE53-6856FADACC79}.Debug|Any CPU.ActiveCfg = Debug|Any CPU
		{0D455A08-30BF-4A30-BE53-6856FADACC79}.Debug|Any CPU.Build.0 = Debug|Any CPU
		{0D455A08-30BF-4A30-BE53-6856FADACC79}.Release|Any CPU.ActiveCfg = Release|Any CPU
		{0D455A08-30BF-4A30-BE53-6856FADACC79}.Release|Any CPU.Build.0 = Release|Any CPU
		{5C91ECAD-6C35-45AA-ACE7-E8F156922658}.Debug|Any CPU.ActiveCfg = Debug|Any CPU
		{5C91ECAD-6C35-45AA-ACE7-E8F156922658}.Debug|Any CPU.Build.0 = Debug|Any CPU
		{5C91ECAD-6C35-45AA-ACE7-E8F156922658}.Release|Any CPU.ActiveCfg = Release|Any CPU
		{5C91ECAD-6C35-45AA-ACE7-E8F156922658}.Release|Any CPU.Build.0 = Release|Any CPU
		{583C1001-7568-406E-9444-8CAD43DDA3EC}.Debug|Any CPU.ActiveCfg = Debug|Any CPU
		{583C1001-7568-406E-9444-8CAD43DDA3EC}.Debug|Any CPU.Build.0 = Debug|Any CPU
		{583C1001-7568-406E-9444-8CAD43DDA3EC}.Release|Any CPU.ActiveCfg = Release|Any CPU
		{583C1001-7568-406E-9444-8CAD43DDA3EC}.Release|Any CPU.Build.0 = Release|Any CPU
		{CEE62887-53FB-4291-8543-651C171D528A}.Debug|Any CPU.ActiveCfg = Debug|Any CPU
		{CEE62887-53FB-4291-8543-651C171D528A}.Debug|Any CPU.Build.0 = Debug|Any CPU
		{CEE62887-53FB-4291-8543-651C171D528A}.Release|Any CPU.ActiveCfg = Release|Any CPU
		{CEE62887-53FB-4291-8543-651C171D528A}.Release|Any CPU.Build.0 = Release|Any CPU
		{449E9FCD-F535-4D02-947F-22B0DA756187}.Debug|Any CPU.ActiveCfg = Debug|Any CPU
		{449E9FCD-F535-4D02-947F-22B0DA756187}.Debug|Any CPU.Build.0 = Debug|Any CPU
		{449E9FCD-F535-4D02-947F-22B0DA756187}.Release|Any CPU.ActiveCfg = Release|Any CPU
		{449E9FCD-F535-4D02-947F-22B0DA756187}.Release|Any CPU.Build.0 = Release|Any CPU
		{CEF7BB89-917C-4A08-BACC-6B3ED6020944}.Debug|Any CPU.ActiveCfg = Debug|Any CPU
		{CEF7BB89-917C-4A08-BACC-6B3ED6020944}.Debug|Any CPU.Build.0 = Debug|Any CPU
		{CEF7BB89-917C-4A08-BACC-6B3ED6020944}.Release|Any CPU.ActiveCfg = Release|Any CPU
		{CEF7BB89-917C-4A08-BACC-6B3ED6020944}.Release|Any CPU.Build.0 = Release|Any CPU
		{E5E7C73A-5DE3-4BC6-9A92-BF7A6D24DDF5}.Debug|Any CPU.ActiveCfg = Debug|Any CPU
		{E5E7C73A-5DE3-4BC6-9A92-BF7A6D24DDF5}.Debug|Any CPU.Build.0 = Debug|Any CPU
		{E5E7C73A-5DE3-4BC6-9A92-BF7A6D24DDF5}.Release|Any CPU.ActiveCfg = Release|Any CPU
		{E5E7C73A-5DE3-4BC6-9A92-BF7A6D24DDF5}.Release|Any CPU.Build.0 = Release|Any CPU
		{BD368EED-83C7-49B0-8116-797BD98741E0}.Debug|Any CPU.ActiveCfg = Debug|Any CPU
		{BD368EED-83C7-49B0-8116-797BD98741E0}.Debug|Any CPU.Build.0 = Debug|Any CPU
		{BD368EED-83C7-49B0-8116-797BD98741E0}.Release|Any CPU.ActiveCfg = Release|Any CPU
		{BD368EED-83C7-49B0-8116-797BD98741E0}.Release|Any CPU.Build.0 = Release|Any CPU
		{3C010B48-6ECA-466F-9C5B-28A01C4B88AB}.Debug|Any CPU.ActiveCfg = Debug|Any CPU
		{3C010B48-6ECA-466F-9C5B-28A01C4B88AB}.Debug|Any CPU.Build.0 = Debug|Any CPU
		{3C010B48-6ECA-466F-9C5B-28A01C4B88AB}.Release|Any CPU.ActiveCfg = Release|Any CPU
		{3C010B48-6ECA-466F-9C5B-28A01C4B88AB}.Release|Any CPU.Build.0 = Release|Any CPU
		{CA52A30C-CFD1-4793-923D-D8E880E6FC99}.Debug|Any CPU.ActiveCfg = Debug|Any CPU
		{CA52A30C-CFD1-4793-923D-D8E880E6FC99}.Debug|Any CPU.Build.0 = Debug|Any CPU
		{CA52A30C-CFD1-4793-923D-D8E880E6FC99}.Release|Any CPU.ActiveCfg = Release|Any CPU
		{CA52A30C-CFD1-4793-923D-D8E880E6FC99}.Release|Any CPU.Build.0 = Release|Any CPU
		{9A9B1E3B-F6AA-46BF-A879-CF58BEE11F37}.Debug|Any CPU.ActiveCfg = Debug|Any CPU
		{9A9B1E3B-F6AA-46BF-A879-CF58BEE11F37}.Debug|Any CPU.Build.0 = Debug|Any CPU
		{9A9B1E3B-F6AA-46BF-A879-CF58BEE11F37}.Release|Any CPU.ActiveCfg = Release|Any CPU
		{9A9B1E3B-F6AA-46BF-A879-CF58BEE11F37}.Release|Any CPU.Build.0 = Release|Any CPU
		{7BAF838B-6297-47A3-BB76-920F5B90A3EC}.Debug|Any CPU.ActiveCfg = Debug|Any CPU
		{7BAF838B-6297-47A3-BB76-920F5B90A3EC}.Debug|Any CPU.Build.0 = Debug|Any CPU
		{7BAF838B-6297-47A3-BB76-920F5B90A3EC}.Release|Any CPU.ActiveCfg = Release|Any CPU
		{7BAF838B-6297-47A3-BB76-920F5B90A3EC}.Release|Any CPU.Build.0 = Release|Any CPU
		{EB95AE50-CD5A-48F6-9D52-FDBD5D6E53C2}.Debug|Any CPU.ActiveCfg = Debug|Any CPU
		{EB95AE50-CD5A-48F6-9D52-FDBD5D6E53C2}.Debug|Any CPU.Build.0 = Debug|Any CPU
		{EB95AE50-CD5A-48F6-9D52-FDBD5D6E53C2}.Release|Any CPU.ActiveCfg = Release|Any CPU
		{EB95AE50-CD5A-48F6-9D52-FDBD5D6E53C2}.Release|Any CPU.Build.0 = Release|Any CPU
		{7728CB5E-6E8D-454F-9E85-02FF27AC4627}.Debug|Any CPU.ActiveCfg = Debug|Any CPU
		{7728CB5E-6E8D-454F-9E85-02FF27AC4627}.Debug|Any CPU.Build.0 = Debug|Any CPU
		{7728CB5E-6E8D-454F-9E85-02FF27AC4627}.Release|Any CPU.ActiveCfg = Release|Any CPU
		{7728CB5E-6E8D-454F-9E85-02FF27AC4627}.Release|Any CPU.Build.0 = Release|Any CPU
		{DD96808C-C9D7-40E1-897E-1E30FE9C435C}.Debug|Any CPU.ActiveCfg = Debug|Any CPU
		{DD96808C-C9D7-40E1-897E-1E30FE9C435C}.Debug|Any CPU.Build.0 = Debug|Any CPU
		{DD96808C-C9D7-40E1-897E-1E30FE9C435C}.Release|Any CPU.ActiveCfg = Release|Any CPU
		{DD96808C-C9D7-40E1-897E-1E30FE9C435C}.Release|Any CPU.Build.0 = Release|Any CPU
		{F459D38E-8304-47BC-84DA-9149372DC245}.Debug|Any CPU.ActiveCfg = Debug|Any CPU
		{F459D38E-8304-47BC-84DA-9149372DC245}.Debug|Any CPU.Build.0 = Debug|Any CPU
		{F459D38E-8304-47BC-84DA-9149372DC245}.Release|Any CPU.ActiveCfg = Release|Any CPU
		{F459D38E-8304-47BC-84DA-9149372DC245}.Release|Any CPU.Build.0 = Release|Any CPU
		{8ED4AC8C-9ADC-42B6-9D37-34CCA8B5F7D6}.Debug|Any CPU.ActiveCfg = Debug|Any CPU
		{8ED4AC8C-9ADC-42B6-9D37-34CCA8B5F7D6}.Debug|Any CPU.Build.0 = Debug|Any CPU
		{8ED4AC8C-9ADC-42B6-9D37-34CCA8B5F7D6}.Release|Any CPU.ActiveCfg = Release|Any CPU
		{8ED4AC8C-9ADC-42B6-9D37-34CCA8B5F7D6}.Release|Any CPU.Build.0 = Release|Any CPU
		{6DFE35BD-21B0-4A1B-9447-1CAC51E99737}.Debug|Any CPU.ActiveCfg = Debug|Any CPU
		{6DFE35BD-21B0-4A1B-9447-1CAC51E99737}.Debug|Any CPU.Build.0 = Debug|Any CPU
		{6DFE35BD-21B0-4A1B-9447-1CAC51E99737}.Release|Any CPU.ActiveCfg = Release|Any CPU
		{6DFE35BD-21B0-4A1B-9447-1CAC51E99737}.Release|Any CPU.Build.0 = Release|Any CPU
		{63C0B002-491B-49DC-844E-B80D92012645}.Debug|Any CPU.ActiveCfg = Debug|Any CPU
		{63C0B002-491B-49DC-844E-B80D92012645}.Debug|Any CPU.Build.0 = Debug|Any CPU
		{63C0B002-491B-49DC-844E-B80D92012645}.Release|Any CPU.ActiveCfg = Release|Any CPU
		{63C0B002-491B-49DC-844E-B80D92012645}.Release|Any CPU.Build.0 = Release|Any CPU
		{107E64CC-336C-4380-B7FD-16BC2AF8DE5B}.Debug|Any CPU.ActiveCfg = Debug|Any CPU
		{107E64CC-336C-4380-B7FD-16BC2AF8DE5B}.Debug|Any CPU.Build.0 = Debug|Any CPU
		{107E64CC-336C-4380-B7FD-16BC2AF8DE5B}.Release|Any CPU.ActiveCfg = Release|Any CPU
		{107E64CC-336C-4380-B7FD-16BC2AF8DE5B}.Release|Any CPU.Build.0 = Release|Any CPU
	EndGlobalSection
	GlobalSection(SolutionProperties) = preSolution
		HideSolutionNode = FALSE
	EndGlobalSection
	GlobalSection(NestedProjects) = preSolution
		{AC8F158A-130C-42A0-92AE-04408D8F7328} = {20011032-ACAD-4B4D-A27D-250074965B39}
		{0D455A08-30BF-4A30-BE53-6856FADACC79} = {20011032-ACAD-4B4D-A27D-250074965B39}
		{5C91ECAD-6C35-45AA-ACE7-E8F156922658} = {6AF16F0D-B8DC-4EEA-9F02-D0B8B7559EA2}
		{583C1001-7568-406E-9444-8CAD43DDA3EC} = {C111518F-ACF7-4FFC-9EF6-58F0B6306946}
		{CEE62887-53FB-4291-8543-651C171D528A} = {C111518F-ACF7-4FFC-9EF6-58F0B6306946}
		{449E9FCD-F535-4D02-947F-22B0DA756187} = {6AF16F0D-B8DC-4EEA-9F02-D0B8B7559EA2}
		{BD368EED-83C7-49B0-8116-797BD98741E0} = {DBFD90F0-D59F-4294-9185-158D7A74D8DA}
		{3C010B48-6ECA-466F-9C5B-28A01C4B88AB} = {DBFD90F0-D59F-4294-9185-158D7A74D8DA}
		{CA52A30C-CFD1-4793-923D-D8E880E6FC99} = {DBFD90F0-D59F-4294-9185-158D7A74D8DA}
		{EB95AE50-CD5A-48F6-9D52-FDBD5D6E53C2} = {C111518F-ACF7-4FFC-9EF6-58F0B6306946}
		{7728CB5E-6E8D-454F-9E85-02FF27AC4627} = {C111518F-ACF7-4FFC-9EF6-58F0B6306946}
		{F459D38E-8304-47BC-84DA-9149372DC245} = {07D0E50B-5D97-404A-9D0F-6AD3D6846FCD}
		{8ED4AC8C-9ADC-42B6-9D37-34CCA8B5F7D6} = {07D0E50B-5D97-404A-9D0F-6AD3D6846FCD}
		{6DFE35BD-21B0-4A1B-9447-1CAC51E99737} = {07D0E50B-5D97-404A-9D0F-6AD3D6846FCD}
		{63C0B002-491B-49DC-844E-B80D92012645} = {07D0E50B-5D97-404A-9D0F-6AD3D6846FCD}
		{107E64CC-336C-4380-B7FD-16BC2AF8DE5B} = {07D0E50B-5D97-404A-9D0F-6AD3D6846FCD}
	EndGlobalSection
EndGlobal
